
Microsoft Visual Studio Solution File, Format Version 12.00
# Visual Studio Version 17
VisualStudioVersion = 17.3.32901.215
MinimumVisualStudioVersion = 10.0.40219.1
Project("{FAE04EC0-301F-11D3-BF4B-00C04F79EFBC}") = "BUTTON TEXTBOX", "BUTTON TEXTBOX\BUTTON TEXTBOX.csproj", "{497BF278-E229-42C6-9256-7C4BD93D3C3D}"
EndProject
Global
	GlobalSection(SolutionConfigurationPlatforms) = preSolution
		Debug|Any CPU = Debug|Any CPU
		Release|Any CPU = Release|Any CPU
	EndGlobalSection
	GlobalSection(ProjectConfigurationPlatforms) = postSolution
		{497BF278-E229-42C6-9256-7C4BD93D3C3D}.Debug|Any CPU.ActiveCfg = Debug|Any CPU
		{497BF278-E229-42C6-9256-7C4BD93D3C3D}.Debug|Any CPU.Build.0 = Debug|Any CPU
		{497BF278-E229-42C6-9256-7C4BD93D3C3D}.Release|Any CPU.ActiveCfg = Release|Any CPU
		{497BF278-E229-42C6-9256-7C4BD93D3C3D}.Release|Any CPU.Build.0 = Release|Any CPU
	EndGlobalSection
	GlobalSection(SolutionProperties) = preSolution
		HideSolutionNode = FALSE
	EndGlobalSection
	GlobalSection(ExtensibilityGlobals) = postSolution
		SolutionGuid = {8C0EE7A3-AEE9-4E94-94B6-8E2A1B7DB6B5}
	EndGlobalSection
EndGlobal
